
Microsoft Visual Studio Solution File, Format Version 12.00
# Visual Studio Version 16
VisualStudioVersion = 16.0.29201.188
MinimumVisualStudioVersion = 10.0.40219.1
Project("{9A19103F-16F7-4668-BE54-9A1E7A4F7556}") = "ITMWebUI", "ITMWebUI\ITMWebUI.csproj", "{9FB75E14-C8CE-4535-8D14-EDA37BFB8A28}"
EndProject
Project("{00D1A9C2-B5F0-4AF3-8072-F6C62B433612}") = "ITMData", "ITMData\ITMData.sqlproj", "{976C0F4B-E8C9-4AF9-B629-CEDB214E2FAB}"
EndProject
Global
	GlobalSection(SolutionConfigurationPlatforms) = preSolution
		Debug|Any CPU = Debug|Any CPU
		Release|Any CPU = Release|Any CPU
	EndGlobalSection
	GlobalSection(ProjectConfigurationPlatforms) = postSolution
		{9FB75E14-C8CE-4535-8D14-EDA37BFB8A28}.Debug|Any CPU.ActiveCfg = Debug|Any CPU
		{9FB75E14-C8CE-4535-8D14-EDA37BFB8A28}.Debug|Any CPU.Build.0 = Debug|Any CPU
		{9FB75E14-C8CE-4535-8D14-EDA37BFB8A28}.Release|Any CPU.ActiveCfg = Release|Any CPU
		{9FB75E14-C8CE-4535-8D14-EDA37BFB8A28}.Release|Any CPU.Build.0 = Release|Any CPU
		{976C0F4B-E8C9-4AF9-B629-CEDB214E2FAB}.Debug|Any CPU.ActiveCfg = Debug|Any CPU
		{976C0F4B-E8C9-4AF9-B629-CEDB214E2FAB}.Debug|Any CPU.Build.0 = Debug|Any CPU
		{976C0F4B-E8C9-4AF9-B629-CEDB214E2FAB}.Debug|Any CPU.Deploy.0 = Debug|Any CPU
		{976C0F4B-E8C9-4AF9-B629-CEDB214E2FAB}.Release|Any CPU.ActiveCfg = Release|Any CPU
		{976C0F4B-E8C9-4AF9-B629-CEDB214E2FAB}.Release|Any CPU.Build.0 = Release|Any CPU
		{976C0F4B-E8C9-4AF9-B629-CEDB214E2FAB}.Release|Any CPU.Deploy.0 = Release|Any CPU
	EndGlobalSection
	GlobalSection(SolutionProperties) = preSolution
		HideSolutionNode = FALSE
	EndGlobalSection
	GlobalSection(ExtensibilityGlobals) = postSolution
		SolutionGuid = {94061CF3-BE4B-46F0-A3DF-1757C5D723CB}
	EndGlobalSection
EndGlobal
