
Microsoft Visual Studio Solution File, Format Version 12.00
# Visual Studio Version 16
VisualStudioVersion = 16.0.29201.188
MinimumVisualStudioVersion = 10.0.40219.1
Project("{FAE04EC0-301F-11D3-BF4B-00C04F79EFBC}") = "ITMWebUI", "ITMWebUI\ITMWebUI.csproj", "{9FB75E14-C8CE-4535-8D14-EDA37BFB8A28}"
EndProject
Global
	GlobalSection(SolutionConfigurationPlatforms) = preSolution
		Debug|Any CPU = Debug|Any CPU
		Release|Any CPU = Release|Any CPU
	EndGlobalSection
	GlobalSection(ProjectConfigurationPlatforms) = postSolution
		{9FB75E14-C8CE-4535-8D14-EDA37BFB8A28}.Debug|Any CPU.ActiveCfg = Debug|Any CPU
		{9FB75E14-C8CE-4535-8D14-EDA37BFB8A28}.Debug|Any CPU.Build.0 = Debug|Any CPU
		{9FB75E14-C8CE-4535-8D14-EDA37BFB8A28}.Release|Any CPU.ActiveCfg = Release|Any CPU
		{9FB75E14-C8CE-4535-8D14-EDA37BFB8A28}.Release|Any CPU.Build.0 = Release|Any CPU
	EndGlobalSection
	GlobalSection(SolutionProperties) = preSolution
		HideSolutionNode = FALSE
	EndGlobalSection
	GlobalSection(ExtensibilityGlobals) = postSolution
		SolutionGuid = {94061CF3-BE4B-46F0-A3DF-1757C5D723CB}
	EndGlobalSection
EndGlobal
